// !$*UTF8*$!
{
	archiveVersion = 1;
	classes = {
	};
	objectVersion = 50;
	objects = {

/* Begin PBXBuildFile section */
		3DDA3279230745C500C45FED /* AppDelegate.swift in Sources */ = {isa = PBXBuildFile; fileRef = 3DDA3278230745C500C45FED /* AppDelegate.swift */; };
		3DDA327B230745C500C45FED /* ViewController.swift in Sources */ = {isa = PBXBuildFile; fileRef = 3DDA327A230745C500C45FED /* ViewController.swift */; };
		3DDA327E230745C500C45FED /* Main.storyboard in Resources */ = {isa = PBXBuildFile; fileRef = 3DDA327C230745C500C45FED /* Main.storyboard */; };
		3DDA3280230745C700C45FED /* Assets.xcassets in Resources */ = {isa = PBXBuildFile; fileRef = 3DDA327F230745C700C45FED /* Assets.xcassets */; };
		3DDA3283230745C700C45FED /* LaunchScreen.storyboard in Resources */ = {isa = PBXBuildFile; fileRef = 3DDA3281230745C700C45FED /* LaunchScreen.storyboard */; };
		3DDA328E230745C700C45FED /* SizesClassesTests.swift in Sources */ = {isa = PBXBuildFile; fileRef = 3DDA328D230745C700C45FED /* SizesClassesTests.swift */; };
		3DDA3299230745C700C45FED /* SizesClassesUITests.swift in Sources */ = {isa = PBXBuildFile; fileRef = 3DDA3298230745C700C45FED /* SizesClassesUITests.swift */; };
/* End PBXBuildFile section */

/* Begin PBXContainerItemProxy section */
		3DDA328A230745C700C45FED /* PBXContainerItemProxy */ = {
			isa = PBXContainerItemProxy;
			containerPortal = 3DDA326D230745C500C45FED /* Project object */;
			proxyType = 1;
			remoteGlobalIDString = 3DDA3274230745C500C45FED;
			remoteInfo = SizesClasses;
		};
		3DDA3295230745C700C45FED /* PBXContainerItemProxy */ = {
			isa = PBXContainerItemProxy;
			containerPortal = 3DDA326D230745C500C45FED /* Project object */;
			proxyType = 1;
			remoteGlobalIDString = 3DDA3274230745C500C45FED;
			remoteInfo = SizesClasses;
		};
/* End PBXContainerItemProxy section */

/* Begin PBXFileReference section */
		3DDA3275230745C500C45FED /* SizesClasses.app */ = {isa = PBXFileReference; explicitFileType = wrapper.application; includeInIndex = 0; path = SizesClasses.app; sourceTree = BUILT_PRODUCTS_DIR; };
		3DDA3278230745C500C45FED /* AppDelegate.swift */ = {isa = PBXFileReference; lastKnownFileType = sourcecode.swift; path = AppDelegate.swift; sourceTree = "<group>"; };
		3DDA327A230745C500C45FED /* ViewController.swift */ = {isa = PBXFileReference; lastKnownFileType = sourcecode.swift; path = ViewController.swift; sourceTree = "<group>"; };
		3DDA327D230745C500C45FED /* Base */ = {isa = PBXFileReference; lastKnownFileType = file.storyboard; name = Base; path = Base.lproj/Main.storyboard; sourceTree = "<group>"; };
		3DDA327F230745C700C45FED /* Assets.xcassets */ = {isa = PBXFileReference; lastKnownFileType = folder.assetcatalog; path = Assets.xcassets; sourceTree = "<group>"; };
		3DDA3282230745C700C45FED /* Base */ = {isa = PBXFileReference; lastKnownFileType = file.storyboard; name = Base; path = Base.lproj/LaunchScreen.storyboard; sourceTree = "<group>"; };
		3DDA3284230745C700C45FED /* Info.plist */ = {isa = PBXFileReference; lastKnownFileType = text.plist.xml; path = Info.plist; sourceTree = "<group>"; };
		3DDA3289230745C700C45FED /* SizesClassesTests.xctest */ = {isa = PBXFileReference; explicitFileType = wrapper.cfbundle; includeInIndex = 0; path = SizesClassesTests.xctest; sourceTree = BUILT_PRODUCTS_DIR; };
		3DDA328D230745C700C45FED /* SizesClassesTests.swift */ = {isa = PBXFileReference; lastKnownFileType = sourcecode.swift; path = SizesClassesTests.swift; sourceTree = "<group>"; };
		3DDA328F230745C700C45FED /* Info.plist */ = {isa = PBXFileReference; lastKnownFileType = text.plist.xml; path = Info.plist; sourceTree = "<group>"; };
		3DDA3294230745C700C45FED /* SizesClassesUITests.xctest */ = {isa = PBXFileReference; explicitFileType = wrapper.cfbundle; includeInIndex = 0; path = SizesClassesUITests.xctest; sourceTree = BUILT_PRODUCTS_DIR; };
		3DDA3298230745C700C45FED /* SizesClassesUITests.swift */ = {isa = PBXFileReference; lastKnownFileType = sourcecode.swift; path = SizesClassesUITests.swift; sourceTree = "<group>"; };
		3DDA329A230745C700C45FED /* Info.plist */ = {isa = PBXFileReference; lastKnownFileType = text.plist.xml; path = Info.plist; sourceTree = "<group>"; };
/* End PBXFileReference section */

/* Begin PBXFrameworksBuildPhase section */
		3DDA3272230745C500C45FED /* Frameworks */ = {
			isa = PBXFrameworksBuildPhase;
			buildActionMask = 2147483647;
			files = (
			);
			runOnlyForDeploymentPostprocessing = 0;
		};
		3DDA3286230745C700C45FED /* Frameworks */ = {
			isa = PBXFrameworksBuildPhase;
			buildActionMask = 2147483647;
			files = (
			);
			runOnlyForDeploymentPostprocessing = 0;
		};
		3DDA3291230745C700C45FED /* Frameworks */ = {
			isa = PBXFrameworksBuildPhase;
			buildActionMask = 2147483647;
			files = (
			);
			runOnlyForDeploymentPostprocessing = 0;
		};
/* End PBXFrameworksBuildPhase section */

/* Begin PBXGroup section */
		3DDA326C230745C500C45FED = {
			isa = PBXGroup;
			children = (
				3DDA3277230745C500C45FED /* SizesClasses */,
				3DDA328C230745C700C45FED /* SizesClassesTests */,
				3DDA3297230745C700C45FED /* SizesClassesUITests */,
				3DDA3276230745C500C45FED /* Products */,
			);
			sourceTree = "<group>";
		};
		3DDA3276230745C500C45FED /* Products */ = {
			isa = PBXGroup;
			children = (
				3DDA3275230745C500C45FED /* SizesClasses.app */,
				3DDA3289230745C700C45FED /* SizesClassesTests.xctest */,
				3DDA3294230745C700C45FED /* SizesClassesUITests.xctest */,
			);
			name = Products;
			sourceTree = "<group>";
		};
		3DDA3277230745C500C45FED /* SizesClasses */ = {
			isa = PBXGroup;
			children = (
				3DDA3278230745C500C45FED /* AppDelegate.swift */,
				3DDA327A230745C500C45FED /* ViewController.swift */,
				3DDA327C230745C500C45FED /* Main.storyboard */,
				3DDA327F230745C700C45FED /* Assets.xcassets */,
				3DDA3281230745C700C45FED /* LaunchScreen.storyboard */,
				3DDA3284230745C700C45FED /* Info.plist */,
			);
			path = SizesClasses;
			sourceTree = "<group>";
		};
		3DDA328C230745C700C45FED /* SizesClassesTests */ = {
			isa = PBXGroup;
			children = (
				3DDA328D230745C700C45FED /* SizesClassesTests.swift */,
				3DDA328F230745C700C45FED /* Info.plist */,
			);
			path = SizesClassesTests;
			sourceTree = "<group>";
		};
		3DDA3297230745C700C45FED /* SizesClassesUITests */ = {
			isa = PBXGroup;
			children = (
				3DDA3298230745C700C45FED /* SizesClassesUITests.swift */,
				3DDA329A230745C700C45FED /* Info.plist */,
			);
			path = SizesClassesUITests;
			sourceTree = "<group>";
		};
/* End PBXGroup section */

/* Begin PBXNativeTarget section */
		3DDA3274230745C500C45FED /* SizesClasses */ = {
			isa = PBXNativeTarget;
			buildConfigurationList = 3DDA329D230745C700C45FED /* Build configuration list for PBXNativeTarget "SizesClasses" */;
			buildPhases = (
				3DDA3271230745C500C45FED /* Sources */,
				3DDA3272230745C500C45FED /* Frameworks */,
				3DDA3273230745C500C45FED /* Resources */,
			);
			buildRules = (
			);
			dependencies = (
			);
			name = SizesClasses;
			productName = SizesClasses;
			productReference = 3DDA3275230745C500C45FED /* SizesClasses.app */;
			productType = "com.apple.product-type.application";
		};
		3DDA3288230745C700C45FED /* SizesClassesTests */ = {
			isa = PBXNativeTarget;
			buildConfigurationList = 3DDA32A0230745C700C45FED /* Build configuration list for PBXNativeTarget "SizesClassesTests" */;
			buildPhases = (
				3DDA3285230745C700C45FED /* Sources */,
				3DDA3286230745C700C45FED /* Frameworks */,
				3DDA3287230745C700C45FED /* Resources */,
			);
			buildRules = (
			);
			dependencies = (
				3DDA328B230745C700C45FED /* PBXTargetDependency */,
			);
			name = SizesClassesTests;
			productName = SizesClassesTests;
			productReference = 3DDA3289230745C700C45FED /* SizesClassesTests.xctest */;
			productType = "com.apple.product-type.bundle.unit-test";
		};
		3DDA3293230745C700C45FED /* SizesClassesUITests */ = {
			isa = PBXNativeTarget;
			buildConfigurationList = 3DDA32A3230745C700C45FED /* Build configuration list for PBXNativeTarget "SizesClassesUITests" */;
			buildPhases = (
				3DDA3290230745C700C45FED /* Sources */,
				3DDA3291230745C700C45FED /* Frameworks */,
				3DDA3292230745C700C45FED /* Resources */,
			);
			buildRules = (
			);
			dependencies = (
				3DDA3296230745C700C45FED /* PBXTargetDependency */,
			);
			name = SizesClassesUITests;
			productName = SizesClassesUITests;
			productReference = 3DDA3294230745C700C45FED /* SizesClassesUITests.xctest */;
			productType = "com.apple.product-type.bundle.ui-testing";
		};
/* End PBXNativeTarget section */

/* Begin PBXProject section */
		3DDA326D230745C500C45FED /* Project object */ = {
			isa = PBXProject;
			attributes = {
				LastSwiftUpdateCheck = 0940;
				LastUpgradeCheck = 0940;
				ORGANIZATIONNAME = Alumno;
				TargetAttributes = {
					3DDA3274230745C500C45FED = {
						CreatedOnToolsVersion = 9.4.1;
					};
					3DDA3288230745C700C45FED = {
						CreatedOnToolsVersion = 9.4.1;
						TestTargetID = 3DDA3274230745C500C45FED;
					};
					3DDA3293230745C700C45FED = {
						CreatedOnToolsVersion = 9.4.1;
						TestTargetID = 3DDA3274230745C500C45FED;
					};
				};
			};
			buildConfigurationList = 3DDA3270230745C500C45FED /* Build configuration list for PBXProject "SizesClasses" */;
			compatibilityVersion = "Xcode 9.3";
			developmentRegion = en;
			hasScannedForEncodings = 0;
			knownRegions = (
				en,
				Base,
			);
			mainGroup = 3DDA326C230745C500C45FED;
			productRefGroup = 3DDA3276230745C500C45FED /* Products */;
			projectDirPath = "";
			projectRoot = "";
			targets = (
				3DDA3274230745C500C45FED /* SizesClasses */,
				3DDA3288230745C700C45FED /* SizesClassesTests */,
				3DDA3293230745C700C45FED /* SizesClassesUITests */,
			);
		};
/* End PBXProject section */

/* Begin PBXResourcesBuildPhase section */
		3DDA3273230745C500C45FED /* Resources */ = {
			isa = PBXResourcesBuildPhase;
			buildActionMask = 2147483647;
			files = (
				3DDA3283230745C700C45FED /* LaunchScreen.storyboard in Resources */,
				3DDA3280230745C700C45FED /* Assets.xcassets in Resources */,
				3DDA327E230745C500C45FED /* Main.storyboard in Resources */,
			);
			runOnlyForDeploymentPostprocessing = 0;
		};
		3DDA3287230745C700C45FED /* Resources */ = {
			isa = PBXResourcesBuildPhase;
			buildActionMask = 2147483647;
			files = (
			);
			runOnlyForDeploymentPostprocessing = 0;
		};
		3DDA3292230745C700C45FED /* Resources */ = {
			isa = PBXResourcesBuildPhase;
			buildActionMask = 2147483647;
			files = (
			);
			runOnlyForDeploymentPostprocessing = 0;
		};
/* End PBXResourcesBuildPhase section */

/* Begin PBXSourcesBuildPhase section */
		3DDA3271230745C500C45FED /* Sources */ = {
			isa = PBXSourcesBuildPhase;
			buildActionMask = 2147483647;
			files = (
				3DDA327B230745C500C45FED /* ViewController.swift in Sources */,
				3DDA3279230745C500C45FED /* AppDelegate.swift in Sources */,
			);
			runOnlyForDeploymentPostprocessing = 0;
		};
		3DDA3285230745C700C45FED /* Sources */ = {
			isa = PBXSourcesBuildPhase;
			buildActionMask = 2147483647;
			files = (
				3DDA328E230745C700C45FED /* SizesClassesTests.swift in Sources */,
			);
			runOnlyForDeploymentPostprocessing = 0;
		};
		3DDA3290230745C700C45FED /* Sources */ = {
			isa = PBXSourcesBuildPhase;
			buildActionMask = 2147483647;
			files = (
				3DDA3299230745C700C45FED /* SizesClassesUITests.swift in Sources */,
			);
			runOnlyForDeploymentPostprocessing = 0;
		};
/* End PBXSourcesBuildPhase section */

/* Begin PBXTargetDependency section */
		3DDA328B230745C700C45FED /* PBXTargetDependency */ = {
			isa = PBXTargetDependency;
			target = 3DDA3274230745C500C45FED /* SizesClasses */;
			targetProxy = 3DDA328A230745C700C45FED /* PBXContainerItemProxy */;
		};
		3DDA3296230745C700C45FED /* PBXTargetDependency */ = {
			isa = PBXTargetDependency;
			target = 3DDA3274230745C500C45FED /* SizesClasses */;
			targetProxy = 3DDA3295230745C700C45FED /* PBXContainerItemProxy */;
		};
/* End PBXTargetDependency section */

/* Begin PBXVariantGroup section */
		3DDA327C230745C500C45FED /* Main.storyboard */ = {
			isa = PBXVariantGroup;
			children = (
				3DDA327D230745C500C45FED /* Base */,
			);
			name = Main.storyboard;
			sourceTree = "<group>";
		};
		3DDA3281230745C700C45FED /* LaunchScreen.storyboard */ = {
			isa = PBXVariantGroup;
			children = (
				3DDA3282230745C700C45FED /* Base */,
			);
			name = LaunchScreen.storyboard;
			sourceTree = "<group>";
		};
/* End PBXVariantGroup section */

/* Begin XCBuildConfiguration section */
		3DDA329B230745C700C45FED /* Debug */ = {
			isa = XCBuildConfiguration;
			buildSettings = {
				ALWAYS_SEARCH_USER_PATHS = NO;
				CLANG_ANALYZER_NONNULL = YES;
				CLANG_ANALYZER_NUMBER_OBJECT_CONVERSION = YES_AGGRESSIVE;
				CLANG_CXX_LANGUAGE_STANDARD = "gnu++14";
				CLANG_CXX_LIBRARY = "libc++";
				CLANG_ENABLE_MODULES = YES;
				CLANG_ENABLE_OBJC_ARC = YES;
				CLANG_ENABLE_OBJC_WEAK = YES;
				CLANG_WARN_BLOCK_CAPTURE_AUTORELEASING = YES;
				CLANG_WARN_BOOL_CONVERSION = YES;
				CLANG_WARN_COMMA = YES;
				CLANG_WARN_CONSTANT_CONVERSION = YES;
				CLANG_WARN_DEPRECATED_OBJC_IMPLEMENTATIONS = YES;
				CLANG_WARN_DIRECT_OBJC_ISA_USAGE = YES_ERROR;
				CLANG_WARN_DOCUMENTATION_COMMENTS = YES;
				CLANG_WARN_EMPTY_BODY = YES;
				CLANG_WARN_ENUM_CONVERSION = YES;
				CLANG_WARN_INFINITE_RECURSION = YES;
				CLANG_WARN_INT_CONVERSION = YES;
				CLANG_WARN_NON_LITERAL_NULL_CONVERSION = YES;
				CLANG_WARN_OBJC_IMPLICIT_RETAIN_SELF = YES;
				CLANG_WARN_OBJC_LITERAL_CONVERSION = YES;
				CLANG_WARN_OBJC_ROOT_CLASS = YES_ERROR;
				CLANG_WARN_RANGE_LOOP_ANALYSIS = YES;
				CLANG_WARN_STRICT_PROTOTYPES = YES;
				CLANG_WARN_SUSPICIOUS_MOVE = YES;
				CLANG_WARN_UNGUARDED_AVAILABILITY = YES_AGGRESSIVE;
				CLANG_WARN_UNREACHABLE_CODE = YES;
				CLANG_WARN__DUPLICATE_METHOD_MATCH = YES;
				CODE_SIGN_IDENTITY = "iPhone Developer";
				COPY_PHASE_STRIP = NO;
				DEBUG_INFORMATION_FORMAT = dwarf;
				ENABLE_STRICT_OBJC_MSGSEND = YES;
				ENABLE_TESTABILITY = YES;
				GCC_C_LANGUAGE_STANDARD = gnu11;
				GCC_DYNAMIC_NO_PIC = NO;
				GCC_NO_COMMON_BLOCKS = YES;
				GCC_OPTIMIZATION_LEVEL = 0;
				GCC_PREPROCESSOR_DEFINITIONS = (
					"DEBUG=1",
					"$(inherited)",
				);
				GCC_WARN_64_TO_32_BIT_CONVERSION = YES;
				GCC_WARN_ABOUT_RETURN_TYPE = YES_ERROR;
				GCC_WARN_UNDECLARED_SELECTOR = YES;
				GCC_WARN_UNINITIALIZED_AUTOS = YES_AGGRESSIVE;
				GCC_WARN_UNUSED_FUNCTION = YES;
				GCC_WARN_UNUSED_VARIABLE = YES;
				IPHONEOS_DEPLOYMENT_TARGET = 11.4;
				MTL_ENABLE_DEBUG_INFO = YES;
				ONLY_ACTIVE_ARCH = YES;
				SDKROOT = iphoneos;
				SWIFT_ACTIVE_COMPILATION_CONDITIONS = DEBUG;
				SWIFT_OPTIMIZATION_LEVEL = "-Onone";
			};
			name = Debug;
		};
		3DDA329C230745C700C45FED /* Release */ = {
			isa = XCBuildConfiguration;
			buildSettings = {
				ALWAYS_SEARCH_USER_PATHS = NO;
				CLANG_ANALYZER_NONNULL = YES;
				CLANG_ANALYZER_NUMBER_OBJECT_CONVERSION = YES_AGGRESSIVE;
				CLANG_CXX_LANGUAGE_STANDARD = "gnu++14";
				CLANG_CXX_LIBRARY = "libc++";
				CLANG_ENABLE_MODULES = YES;
				CLANG_ENABLE_OBJC_ARC = YES;
				CLANG_ENABLE_OBJC_WEAK = YES;
				CLANG_WARN_BLOCK_CAPTURE_AUTORELEASING = YES;
				CLANG_WARN_BOOL_CONVERSION = YES;
				CLANG_WARN_COMMA = YES;
				CLANG_WARN_CONSTANT_CONVERSION = YES;
				CLANG_WARN_DEPRECATED_OBJC_IMPLEMENTATIONS = YES;
				CLANG_WARN_DIRECT_OBJC_ISA_USAGE = YES_ERROR;
				CLANG_WARN_DOCUMENTATION_COMMENTS = YES;
				CLANG_WARN_EMPTY_BODY = YES;
				CLANG_WARN_ENUM_CONVERSION = YES;
				CLANG_WARN_INFINITE_RECURSION = YES;
				CLANG_WARN_INT_CONVERSION = YES;
				CLANG_WARN_NON_LITERAL_NULL_CONVERSION = YES;
				CLANG_WARN_OBJC_IMPLICIT_RETAIN_SELF = YES;
				CLANG_WARN_OBJC_LITERAL_CONVERSION = YES;
				CLANG_WARN_OBJC_ROOT_CLASS = YES_ERROR;
				CLANG_WARN_RANGE_LOOP_ANALYSIS = YES;
				CLANG_WARN_STRICT_PROTOTYPES = YES;
				CLANG_WARN_SUSPICIOUS_MOVE = YES;
				CLANG_WARN_UNGUARDED_AVAILABILITY = YES_AGGRESSIVE;
				CLANG_WARN_UNREACHABLE_CODE = YES;
				CLANG_WARN__DUPLICATE_METHOD_MATCH = YES;
				CODE_SIGN_IDENTITY = "iPhone Developer";
				COPY_PHASE_STRIP = NO;
				DEBUG_INFORMATION_FORMAT = "dwarf-with-dsym";
				ENABLE_NS_ASSERTIONS = NO;
				ENABLE_STRICT_OBJC_MSGSEND = YES;
				GCC_C_LANGUAGE_STANDARD = gnu11;
				GCC_NO_COMMON_BLOCKS = YES;
				GCC_WARN_64_TO_32_BIT_CONVERSION = YES;
				GCC_WARN_ABOUT_RETURN_TYPE = YES_ERROR;
				GCC_WARN_UNDECLARED_SELECTOR = YES;
				GCC_WARN_UNINITIALIZED_AUTOS = YES_AGGRESSIVE;
				GCC_WARN_UNUSED_FUNCTION = YES;
				GCC_WARN_UNUSED_VARIABLE = YES;
				IPHONEOS_DEPLOYMENT_TARGET = 11.4;
				MTL_ENABLE_DEBUG_INFO = NO;
				SDKROOT = iphoneos;
				SWIFT_COMPILATION_MODE = wholemodule;
				SWIFT_OPTIMIZATION_LEVEL = "-O";
				VALIDATE_PRODUCT = YES;
			};
			name = Release;
		};
		3DDA329E230745C700C45FED /* Debug */ = {
			isa = XCBuildConfiguration;
			buildSettings = {
				ASSETCATALOG_COMPILER_APPICON_NAME = AppIcon;
				CODE_SIGN_STYLE = Automatic;
				INFOPLIST_FILE = SizesClasses/Info.plist;
				LD_RUNPATH_SEARCH_PATHS = (
					"$(inherited)",
					"@executable_path/Frameworks",
				);
				PRODUCT_BUNDLE_IDENTIFIER = edu.ulsa.SizesClasses;
				PRODUCT_NAME = "$(TARGET_NAME)";
				SWIFT_VERSION = 4.0;
				TARGETED_DEVICE_FAMILY = "1,2";
			};
			name = Debug;
		};
		3DDA329F230745C700C45FED /* Release */ = {
			isa = XCBuildConfiguration;
			buildSettings = {
				ASSETCATALOG_COMPILER_APPICON_NAME = AppIcon;
				CODE_SIGN_STYLE = Automatic;
				INFOPLIST_FILE = SizesClasses/Info.plist;
				LD_RUNPATH_SEARCH_PATHS = (
					"$(inherited)",
					"@executable_path/Frameworks",
				);
				PRODUCT_BUNDLE_IDENTIFIER = edu.ulsa.SizesClasses;
				PRODUCT_NAME = "$(TARGET_NAME)";
				SWIFT_VERSION = 4.0;
				TARGETED_DEVICE_FAMILY = "1,2";
			};
			name = Release;
		};
		3DDA32A1230745C700C45FED /* Debug */ = {
			isa = XCBuildConfiguration;
			buildSettings = {
				ALWAYS_EMBED_SWIFT_STANDARD_LIBRARIES = YES;
				BUNDLE_LOADER = "$(TEST_HOST)";
				CODE_SIGN_STYLE = Automatic;
				INFOPLIST_FILE = SizesClassesTests/Info.plist;
				LD_RUNPATH_SEARCH_PATHS = (
					"$(inherited)",
					"@executable_path/Frameworks",
					"@loader_path/Frameworks",
				);
				PRODUCT_BUNDLE_IDENTIFIER = edu.ulsa.SizesClassesTests;
				PRODUCT_NAME = "$(TARGET_NAME)";
				SWIFT_VERSION = 4.0;
				TARGETED_DEVICE_FAMILY = "1,2";
				TEST_HOST = "$(BUILT_PRODUCTS_DIR)/SizesClasses.app/SizesClasses";
			};
			name = Debug;
		};
		3DDA32A2230745C700C45FED /* Release */ = {
			isa = XCBuildConfiguration;
			buildSettings = {
				ALWAYS_EMBED_SWIFT_STANDARD_LIBRARIES = YES;
				BUNDLE_LOADER = "$(TEST_HOST)";
				CODE_SIGN_STYLE = Automatic;
				INFOPLIST_FILE = SizesClassesTests/Info.plist;
				LD_RUNPATH_SEARCH_PATHS = (
					"$(inherited)",
					"@executable_path/Frameworks",
					"@loader_path/Frameworks",
				);
				PRODUCT_BUNDLE_IDENTIFIER = edu.ulsa.SizesClassesTests;
				PRODUCT_NAME = "$(TARGET_NAME)";
				SWIFT_VERSION = 4.0;
				TARGETED_DEVICE_FAMILY = "1,2";
				TEST_HOST = "$(BUILT_PRODUCTS_DIR)/SizesClasses.app/SizesClasses";
			};
			name = Release;
		};
		3DDA32A4230745C700C45FED /* Debug */ = {
			isa = XCBuildConfiguration;
			buildSettings = {
				ALWAYS_EMBED_SWIFT_STANDARD_LIBRARIES = YES;
				CODE_SIGN_STYLE = Automatic;
				INFOPLIST_FILE = SizesClassesUITests/Info.plist;
				LD_RUNPATH_SEARCH_PATHS = (
					"$(inherited)",
					"@executable_path/Frameworks",
					"@loader_path/Frameworks",
				);
				PRODUCT_BUNDLE_IDENTIFIER = edu.ulsa.SizesClassesUITests;
				PRODUCT_NAME = "$(TARGET_NAME)";
				SWIFT_VERSION = 4.0;
				TARGETED_DEVICE_FAMILY = "1,2";
				TEST_TARGET_NAME = SizesClasses;
			};
			name = Debug;
		};
		3DDA32A5230745C700C45FED /* Release */ = {
			isa = XCBuildConfiguration;
			buildSettings = {
				ALWAYS_EMBED_SWIFT_STANDARD_LIBRARIES = YES;
				CODE_SIGN_STYLE = Automatic;
				INFOPLIST_FILE = SizesClassesUITests/Info.plist;
				LD_RUNPATH_SEARCH_PATHS = (
					"$(inherited)",
					"@executable_path/Frameworks",
					"@loader_path/Frameworks",
				);
				PRODUCT_BUNDLE_IDENTIFIER = edu.ulsa.SizesClassesUITests;
				PRODUCT_NAME = "$(TARGET_NAME)";
				SWIFT_VERSION = 4.0;
				TARGETED_DEVICE_FAMILY = "1,2";
				TEST_TARGET_NAME = SizesClasses;
			};
			name = Release;
		};
/* End XCBuildConfiguration section */

/* Begin XCConfigurationList section */
		3DDA3270230745C500C45FED /* Build configuration list for PBXProject "SizesClasses" */ = {
			isa = XCConfigurationList;
			buildConfigurations = (
				3DDA329B230745C700C45FED /* Debug */,
				3DDA329C230745C700C45FED /* Release */,
			);
			defaultConfigurationIsVisible = 0;
			defaultConfigurationName = Release;
		};
		3DDA329D230745C700C45FED /* Build configuration list for PBXNativeTarget "SizesClasses" */ = {
			isa = XCConfigurationList;
			buildConfigurations = (
				3DDA329E230745C700C45FED /* Debug */,
				3DDA329F230745C700C45FED /* Release */,
			);
			defaultConfigurationIsVisible = 0;
			defaultConfigurationName = Release;
		};
		3DDA32A0230745C700C45FED /* Build configuration list for PBXNativeTarget "SizesClassesTests" */ = {
			isa = XCConfigurationList;
			buildConfigurations = (
				3DDA32A1230745C700C45FED /* Debug */,
				3DDA32A2230745C700C45FED /* Release */,
			);
			defaultConfigurationIsVisible = 0;
			defaultConfigurationName = Release;
		};
		3DDA32A3230745C700C45FED /* Build configuration list for PBXNativeTarget "SizesClassesUITests" */ = {
			isa = XCConfigurationList;
			buildConfigurations = (
				3DDA32A4230745C700C45FED /* Debug */,
				3DDA32A5230745C700C45FED /* Release */,
			);
			defaultConfigurationIsVisible = 0;
			defaultConfigurationName = Release;
		};
/* End XCConfigurationList section */
	};
	rootObject = 3DDA326D230745C500C45FED /* Project object */;
}
